
Microsoft Visual Studio Solution File, Format Version 12.00
# Visual Studio Version 17
VisualStudioVersion = 17.14.36414.22 d17.14
MinimumVisualStudioVersion = 10.0.40219.1
Project("{FAE04EC0-301F-11D3-BF4B-00C04F79EFBC}") = "LTLVC Control Panel", "LTLVC Control Panel\LTLVC Control Panel.csproj", "{5C1E7E85-4B8A-4ACC-AAEE-B2741266F64F}"
EndProject
Global
	GlobalSection(SolutionConfigurationPlatforms) = preSolution
		Debug|Any CPU = Debug|Any CPU
		Release|Any CPU = Release|Any CPU
	EndGlobalSection
	GlobalSection(ProjectConfigurationPlatforms) = postSolution
		{5C1E7E85-4B8A-4ACC-AAEE-B2741266F64F}.Debug|Any CPU.ActiveCfg = Debug|Any CPU
		{5C1E7E85-4B8A-4ACC-AAEE-B2741266F64F}.Debug|Any CPU.Build.0 = Debug|Any CPU
		{5C1E7E85-4B8A-4ACC-AAEE-B2741266F64F}.Release|Any CPU.ActiveCfg = Release|Any CPU
		{5C1E7E85-4B8A-4ACC-AAEE-B2741266F64F}.Release|Any CPU.Build.0 = Release|Any CPU
	EndGlobalSection
	GlobalSection(SolutionProperties) = preSolution
		HideSolutionNode = FALSE
	EndGlobalSection
	GlobalSection(ExtensibilityGlobals) = postSolution
		SolutionGuid = {D19F5D46-EBAE-4D4C-A78E-9A5461632103}
	EndGlobalSection
EndGlobal
